Microsoft Visual Studio Solution File, Format Version 12.00
# Visual Studio Version 17
VisualStudioVersion = 17.0.31611.283
MinimumVisualStudioVersion = 10.0.40219.1
Project("{9A19103F-16F7-4668-BE54-9A1E7A4F7556}") = "DnDFightTool", "DnDFightTool\DnDFightTool.csproj", "{E7371A50-BEA9-4421-8116-F00A7F75BA4A}"
EndProject
Project("{2150E333-8FDC-42A3-9474-1A3956D46DE8}") = "UI", "UI", "{BD09E90F-6B05-45E9-A5D5-EA0E525A31EC}"
EndProject
Project("{2150E333-8FDC-42A3-9474-1A3956D46DE8}") = "Domain", "Domain", "{E6243CDB-C1F9-4783-B3B9-346DF8C6A385}"
EndProject
Project("{2150E333-8FDC-42A3-9474-1A3956D46DE8}") = "Infrastructure", "Infrastructure", "{4A095976-38E6-41B5-9F88-C24D62702B81}"
EndProject
Project("{2150E333-8FDC-42A3-9474-1A3956D46DE8}") = "src", "src", "{2C978B9F-B364-4776-99AF-20B4AE7AC298}"
EndProject
Project("{9A19103F-16F7-4668-BE54-9A1E7A4F7556}") = "DnDEntities", "src\Domain\DnDEntities\DnDEntities.csproj", "{07D23133-68C0-411A-9E8D-807A57AF9653}"
EndProject
Project("{9A19103F-16F7-4668-BE54-9A1E7A4F7556}") = "Extensions", "src\Infrastructure\Extensions\Extensions.csproj", "{3DFE4133-6F23-4EE1-ABE0-A05E0A68424A}"
EndProject
Project("{9A19103F-16F7-4668-BE54-9A1E7A4F7556}") = "DnDEntitiesBlazorComponents", "src\UI\DnDEntitiesBlazorComponents\DnDEntitiesBlazorComponents.csproj", "{48C424D8-CE60-433E-BB5F-D1B8D4C5021A}"
EndProject
Project("{9A19103F-16F7-4668-BE54-9A1E7A4F7556}") = "Fight", "src\Domain\Fight\Fight.csproj", "{8BCD4882-6227-4A12-AB15-FC64E2DDAB3D}"
EndProject
Project("{9A19103F-16F7-4668-BE54-9A1E7A4F7556}") = "SharedComponents", "src\UI\SharedComponents\SharedComponents.csproj", "{AEE3DB6C-0C51-4298-A6B4-D74E8A64E525}"
EndProject
Project("{9A19103F-16F7-4668-BE54-9A1E7A4F7556}") = "FightBlazorComponents", "FightBlazorComponents\FightBlazorComponents.csproj", "{5A0D4318-3A54-449A-AC7A-AA5612D46A4C}"
EndProject
Project("{2150E333-8FDC-42A3-9474-1A3956D46DE8}") = "Business", "Business", "{AEE2EEEE-91E3-434F-BF72-1345C0057104}"
EndProject
Project("{9A19103F-16F7-4668-BE54-9A1E7A4F7556}") = "DnDActions", "src\Business\DnDActions\DnDActions.csproj", "{6B0B0571-5BC5-4F21-A8D9-7164B147E8B6}"
EndProject
Project("{2150E333-8FDC-42A3-9474-1A3956D46DE8}") = "tests", "tests", "{9B2EC611-E369-4C33-A9F1-1AFA523E1626}"
EndProject
Project("{2150E333-8FDC-42A3-9474-1A3956D46DE8}") = "Business", "Business", "{DDB6BE60-79AD-4814-BE4F-401E4DBCEC35}"
EndProject
Project("{9A19103F-16F7-4668-BE54-9A1E7A4F7556}") = "DnDActionsTests", "tests\Business\DnDActionsTests\DnDActionsTests.csproj", "{9777E1B1-67FB-4FFB-808E-63E990970B9B}"
EndProject
Project("{2150E333-8FDC-42A3-9474-1A3956D46DE8}") = "Domain", "Domain", "{60CABDD6-03CE-463D-A07D-781658B3DEE0}"
EndProject
Project("{9A19103F-16F7-4668-BE54-9A1E7A4F7556}") = "DomainTestsUtilities", "tests\Domain\DomainTestsUtilities\DomainTestsUtilities.csproj", "{CAE755AF-4BCB-4CC6-BBEC-E330CE7C0BB7}"
EndProject
Project("{9A19103F-16F7-4668-BE54-9A1E7A4F7556}") = "DnDEntitiesTests", "tests\Domain\DnDEntitiesTests\DnDEntitiesTests.csproj", "{B2719912-AF00-41B0-A3AC-F87D28663B38}"
EndProject
Project("{9A19103F-16F7-4668-BE54-9A1E7A4F7556}") = "FightTests", "tests\Domain\FightTests\FightTests.csproj", "{435261E2-C9F3-42E5-97A1-0B49700B4D8B}"
EndProject
Project("{9A19103F-16F7-4668-BE54-9A1E7A4F7556}") = "DnDQueries", "src\Business\DnDQueries\DnDQueries.csproj", "{B13D95B8-2531-44EE-9109-933A9A0B5FF6}"
EndProject
Project("{9A19103F-16F7-4668-BE54-9A1E7A4F7556}") = "Memory", "src\Infrastructure\Memory\Memory.csproj", "{0A6DAFC8-D2CE-459D-B549-AF438AA21D42}"
EndProject
Project("{2150E333-8FDC-42A3-9474-1A3956D46DE8}") = "Infrastructure", "Infrastructure", "{9891AF96-E2DF-4B88-AF89-10D6F238017B}"
EndProject
Project("{9A19103F-16F7-4668-BE54-9A1E7A4F7556}") = "MemoryTests", "tests\Infrastructure\MemoryTests\MemoryTests.csproj", "{DAA15DCF-D256-47EA-931E-D7D9CA0E1923}"
EndProject
Global
	GlobalSection(SolutionConfigurationPlatforms) = preSolution
		Debug|Any CPU = Debug|Any CPU
		Release|Any CPU = Release|Any CPU
	EndGlobalSection
	GlobalSection(ProjectConfigurationPlatforms) = postSolution
		{E7371A50-BEA9-4421-8116-F00A7F75BA4A}.Debug|Any CPU.ActiveCfg = Debug|Any CPU
		{E7371A50-BEA9-4421-8116-F00A7F75BA4A}.Debug|Any CPU.Build.0 = Debug|Any CPU
		{E7371A50-BEA9-4421-8116-F00A7F75BA4A}.Debug|Any CPU.Deploy.0 = Debug|Any CPU
		{E7371A50-BEA9-4421-8116-F00A7F75BA4A}.Release|Any CPU.ActiveCfg = Release|Any CPU
		{E7371A50-BEA9-4421-8116-F00A7F75BA4A}.Release|Any CPU.Build.0 = Release|Any CPU
		{E7371A50-BEA9-4421-8116-F00A7F75BA4A}.Release|Any CPU.Deploy.0 = Release|Any CPU
		{07D23133-68C0-411A-9E8D-807A57AF9653}.Debug|Any CPU.ActiveCfg = Debug|Any CPU
		{07D23133-68C0-411A-9E8D-807A57AF9653}.Debug|Any CPU.Build.0 = Debug|Any CPU
		{07D23133-68C0-411A-9E8D-807A57AF9653}.Release|Any CPU.ActiveCfg = Release|Any CPU
		{07D23133-68C0-411A-9E8D-807A57AF9653}.Release|Any CPU.Build.0 = Release|Any CPU
		{3DFE4133-6F23-4EE1-ABE0-A05E0A68424A}.Debug|Any CPU.ActiveCfg = Debug|Any CPU
		{3DFE4133-6F23-4EE1-ABE0-A05E0A68424A}.Debug|Any CPU.Build.0 = Debug|Any CPU
		{3DFE4133-6F23-4EE1-ABE0-A05E0A68424A}.Release|Any CPU.ActiveCfg = Release|Any CPU
		{3DFE4133-6F23-4EE1-ABE0-A05E0A68424A}.Release|Any CPU.Build.0 = Release|Any CPU
		{48C424D8-CE60-433E-BB5F-D1B8D4C5021A}.Debug|Any CPU.ActiveCfg = Debug|Any CPU
		{48C424D8-CE60-433E-BB5F-D1B8D4C5021A}.Debug|Any CPU.Build.0 = Debug|Any CPU
		{48C424D8-CE60-433E-BB5F-D1B8D4C5021A}.Release|Any CPU.ActiveCfg = Release|Any CPU
		{48C424D8-CE60-433E-BB5F-D1B8D4C5021A}.Release|Any CPU.Build.0 = Release|Any CPU
		{8BCD4882-6227-4A12-AB15-FC64E2DDAB3D}.Debug|Any CPU.ActiveCfg = Debug|Any CPU
		{8BCD4882-6227-4A12-AB15-FC64E2DDAB3D}.Debug|Any CPU.Build.0 = Debug|Any CPU
		{8BCD4882-6227-4A12-AB15-FC64E2DDAB3D}.Release|Any CPU.ActiveCfg = Release|Any CPU
		{8BCD4882-6227-4A12-AB15-FC64E2DDAB3D}.Release|Any CPU.Build.0 = Release|Any CPU
		{AEE3DB6C-0C51-4298-A6B4-D74E8A64E525}.Debug|Any CPU.ActiveCfg = Debug|Any CPU
		{AEE3DB6C-0C51-4298-A6B4-D74E8A64E525}.Debug|Any CPU.Build.0 = Debug|Any CPU
		{AEE3DB6C-0C51-4298-A6B4-D74E8A64E525}.Release|Any CPU.ActiveCfg = Release|Any CPU
		{AEE3DB6C-0C51-4298-A6B4-D74E8A64E525}.Release|Any CPU.Build.0 = Release|Any CPU
		{5A0D4318-3A54-449A-AC7A-AA5612D46A4C}.Debug|Any CPU.ActiveCfg = Debug|Any CPU
		{5A0D4318-3A54-449A-AC7A-AA5612D46A4C}.Debug|Any CPU.Build.0 = Debug|Any CPU
		{5A0D4318-3A54-449A-AC7A-AA5612D46A4C}.Release|Any CPU.ActiveCfg = Release|Any CPU
		{5A0D4318-3A54-449A-AC7A-AA5612D46A4C}.Release|Any CPU.Build.0 = Release|Any CPU
		{6B0B0571-5BC5-4F21-A8D9-7164B147E8B6}.Debug|Any CPU.ActiveCfg = Debug|Any CPU
		{6B0B0571-5BC5-4F21-A8D9-7164B147E8B6}.Debug|Any CPU.Build.0 = Debug|Any CPU
		{6B0B0571-5BC5-4F21-A8D9-7164B147E8B6}.Release|Any CPU.ActiveCfg = Release|Any CPU
		{6B0B0571-5BC5-4F21-A8D9-7164B147E8B6}.Release|Any CPU.Build.0 = Release|Any CPU
		{9777E1B1-67FB-4FFB-808E-63E990970B9B}.Debug|Any CPU.ActiveCfg = Debug|Any CPU
		{9777E1B1-67FB-4FFB-808E-63E990970B9B}.Debug|Any CPU.Build.0 = Debug|Any CPU
		{9777E1B1-67FB-4FFB-808E-63E990970B9B}.Release|Any CPU.ActiveCfg = Release|Any CPU
		{9777E1B1-67FB-4FFB-808E-63E990970B9B}.Release|Any CPU.Build.0 = Release|Any CPU
		{CAE755AF-4BCB-4CC6-BBEC-E330CE7C0BB7}.Debug|Any CPU.ActiveCfg = Debug|Any CPU
		{CAE755AF-4BCB-4CC6-BBEC-E330CE7C0BB7}.Debug|Any CPU.Build.0 = Debug|Any CPU
		{CAE755AF-4BCB-4CC6-BBEC-E330CE7C0BB7}.Release|Any CPU.ActiveCfg = Release|Any CPU
		{CAE755AF-4BCB-4CC6-BBEC-E330CE7C0BB7}.Release|Any CPU.Build.0 = Release|Any CPU
		{B2719912-AF00-41B0-A3AC-F87D28663B38}.Debug|Any CPU.ActiveCfg = Debug|Any CPU
		{B2719912-AF00-41B0-A3AC-F87D28663B38}.Debug|Any CPU.Build.0 = Debug|Any CPU
		{B2719912-AF00-41B0-A3AC-F87D28663B38}.Release|Any CPU.ActiveCfg = Release|Any CPU
		{B2719912-AF00-41B0-A3AC-F87D28663B38}.Release|Any CPU.Build.0 = Release|Any CPU
		{435261E2-C9F3-42E5-97A1-0B49700B4D8B}.Debug|Any CPU.ActiveCfg = Debug|Any CPU
		{435261E2-C9F3-42E5-97A1-0B49700B4D8B}.Debug|Any CPU.Build.0 = Debug|Any CPU
		{435261E2-C9F3-42E5-97A1-0B49700B4D8B}.Release|Any CPU.ActiveCfg = Release|Any CPU
		{435261E2-C9F3-42E5-97A1-0B49700B4D8B}.Release|Any CPU.Build.0 = Release|Any CPU
		{B13D95B8-2531-44EE-9109-933A9A0B5FF6}.Debug|Any CPU.ActiveCfg = Debug|Any CPU
		{B13D95B8-2531-44EE-9109-933A9A0B5FF6}.Debug|Any CPU.Build.0 = Debug|Any CPU
		{B13D95B8-2531-44EE-9109-933A9A0B5FF6}.Release|Any CPU.ActiveCfg = Release|Any CPU
		{B13D95B8-2531-44EE-9109-933A9A0B5FF6}.Release|Any CPU.Build.0 = Release|Any CPU
		{0A6DAFC8-D2CE-459D-B549-AF438AA21D42}.Debug|Any CPU.ActiveCfg = Debug|Any CPU
		{0A6DAFC8-D2CE-459D-B549-AF438AA21D42}.Debug|Any CPU.Build.0 = Debug|Any CPU
		{0A6DAFC8-D2CE-459D-B549-AF438AA21D42}.Release|Any CPU.ActiveCfg = Release|Any CPU
		{0A6DAFC8-D2CE-459D-B549-AF438AA21D42}.Release|Any CPU.Build.0 = Release|Any CPU
		{DAA15DCF-D256-47EA-931E-D7D9CA0E1923}.Debug|Any CPU.ActiveCfg = Debug|Any CPU
		{DAA15DCF-D256-47EA-931E-D7D9CA0E1923}.Debug|Any CPU.Build.0 = Debug|Any CPU
		{DAA15DCF-D256-47EA-931E-D7D9CA0E1923}.Release|Any CPU.ActiveCfg = Release|Any CPU
		{DAA15DCF-D256-47EA-931E-D7D9CA0E1923}.Release|Any CPU.Build.0 = Release|Any CPU
	EndGlobalSection
	GlobalSection(SolutionProperties) = preSolution
		HideSolutionNode = FALSE
	EndGlobalSection
	GlobalSection(NestedProjects) = preSolution
		{BD09E90F-6B05-45E9-A5D5-EA0E525A31EC} = {2C978B9F-B364-4776-99AF-20B4AE7AC298}
		{E6243CDB-C1F9-4783-B3B9-346DF8C6A385} = {2C978B9F-B364-4776-99AF-20B4AE7AC298}
		{4A095976-38E6-41B5-9F88-C24D62702B81} = {2C978B9F-B364-4776-99AF-20B4AE7AC298}
		{07D23133-68C0-411A-9E8D-807A57AF9653} = {E6243CDB-C1F9-4783-B3B9-346DF8C6A385}
		{3DFE4133-6F23-4EE1-ABE0-A05E0A68424A} = {4A095976-38E6-41B5-9F88-C24D62702B81}
		{48C424D8-CE60-433E-BB5F-D1B8D4C5021A} = {BD09E90F-6B05-45E9-A5D5-EA0E525A31EC}
		{8BCD4882-6227-4A12-AB15-FC64E2DDAB3D} = {E6243CDB-C1F9-4783-B3B9-346DF8C6A385}
		{AEE3DB6C-0C51-4298-A6B4-D74E8A64E525} = {BD09E90F-6B05-45E9-A5D5-EA0E525A31EC}
		{5A0D4318-3A54-449A-AC7A-AA5612D46A4C} = {BD09E90F-6B05-45E9-A5D5-EA0E525A31EC}
		{AEE2EEEE-91E3-434F-BF72-1345C0057104} = {2C978B9F-B364-4776-99AF-20B4AE7AC298}
		{6B0B0571-5BC5-4F21-A8D9-7164B147E8B6} = {AEE2EEEE-91E3-434F-BF72-1345C0057104}
		{DDB6BE60-79AD-4814-BE4F-401E4DBCEC35} = {9B2EC611-E369-4C33-A9F1-1AFA523E1626}
		{9777E1B1-67FB-4FFB-808E-63E990970B9B} = {DDB6BE60-79AD-4814-BE4F-401E4DBCEC35}
		{60CABDD6-03CE-463D-A07D-781658B3DEE0} = {9B2EC611-E369-4C33-A9F1-1AFA523E1626}
		{CAE755AF-4BCB-4CC6-BBEC-E330CE7C0BB7} = {60CABDD6-03CE-463D-A07D-781658B3DEE0}
		{B2719912-AF00-41B0-A3AC-F87D28663B38} = {60CABDD6-03CE-463D-A07D-781658B3DEE0}
		{435261E2-C9F3-42E5-97A1-0B49700B4D8B} = {60CABDD6-03CE-463D-A07D-781658B3DEE0}
		{B13D95B8-2531-44EE-9109-933A9A0B5FF6} = {AEE2EEEE-91E3-434F-BF72-1345C0057104}
		{0A6DAFC8-D2CE-459D-B549-AF438AA21D42} = {4A095976-38E6-41B5-9F88-C24D62702B81}
		{9891AF96-E2DF-4B88-AF89-10D6F238017B} = {9B2EC611-E369-4C33-A9F1-1AFA523E1626}
		{DAA15DCF-D256-47EA-931E-D7D9CA0E1923} = {9891AF96-E2DF-4B88-AF89-10D6F238017B}
	EndGlobalSection
	GlobalSection(ExtensibilityGlobals) = postSolution
		SolutionGuid = {4F0A421B-176D-4E26-BD1F-6466C90520DF}
		        SolutionGuid = {61F7FB11-1E47-470C-91E2-47F8143E1572}
	EndGlobalSection
EndGlobal
