Microsoft Visual Studio Solution File, Format Version 12.00
# Visual Studio Version 17
VisualStudioVersion = 17.0.31611.283
MinimumVisualStudioVersion = 10.0.40219.1
Project("{9A19103F-16F7-4668-BE54-9A1E7A4F7556}") = "DnDFightTool", "DnDFightTool\DnDFightTool.csproj", "{E7371A50-BEA9-4421-8116-F00A7F75BA4A}"
EndProject
Project("{2150E333-8FDC-42A3-9474-1A3956D46DE8}") = "UI", "UI", "{BD09E90F-6B05-45E9-A5D5-EA0E525A31EC}"
EndProject
Project("{9A19103F-16F7-4668-BE54-9A1E7A4F7556}") = "DnDBlazorComponents", "DnDBlazorComponents\DnDBlazorComponents.csproj", "{417AD37E-A1B2-45C1-AA00-669F532DEDBB}"
EndProject
Project("{2150E333-8FDC-42A3-9474-1A3956D46DE8}") = "Domain", "Domain", "{E6243CDB-C1F9-4783-B3B9-346DF8C6A385}"
EndProject
Project("{9A19103F-16F7-4668-BE54-9A1E7A4F7556}") = "Characters", "Domain\Characters\Characters.csproj", "{902AF5E6-3C3A-4D00-8049-4B1FF93FB4A5}"
EndProject
Global
	GlobalSection(SolutionConfigurationPlatforms) = preSolution
		Debug|Any CPU = Debug|Any CPU
		Release|Any CPU = Release|Any CPU
	EndGlobalSection
	GlobalSection(ProjectConfigurationPlatforms) = postSolution
		{E7371A50-BEA9-4421-8116-F00A7F75BA4A}.Debug|Any CPU.ActiveCfg = Debug|Any CPU
		{E7371A50-BEA9-4421-8116-F00A7F75BA4A}.Debug|Any CPU.Build.0 = Debug|Any CPU
		{E7371A50-BEA9-4421-8116-F00A7F75BA4A}.Debug|Any CPU.Deploy.0 = Debug|Any CPU
		{E7371A50-BEA9-4421-8116-F00A7F75BA4A}.Release|Any CPU.ActiveCfg = Release|Any CPU
		{E7371A50-BEA9-4421-8116-F00A7F75BA4A}.Release|Any CPU.Build.0 = Release|Any CPU
		{E7371A50-BEA9-4421-8116-F00A7F75BA4A}.Release|Any CPU.Deploy.0 = Release|Any CPU
		{417AD37E-A1B2-45C1-AA00-669F532DEDBB}.Debug|Any CPU.ActiveCfg = Debug|Any CPU
		{417AD37E-A1B2-45C1-AA00-669F532DEDBB}.Debug|Any CPU.Build.0 = Debug|Any CPU
		{417AD37E-A1B2-45C1-AA00-669F532DEDBB}.Release|Any CPU.ActiveCfg = Release|Any CPU
		{417AD37E-A1B2-45C1-AA00-669F532DEDBB}.Release|Any CPU.Build.0 = Release|Any CPU
		{902AF5E6-3C3A-4D00-8049-4B1FF93FB4A5}.Debug|Any CPU.ActiveCfg = Debug|Any CPU
		{902AF5E6-3C3A-4D00-8049-4B1FF93FB4A5}.Debug|Any CPU.Build.0 = Debug|Any CPU
		{902AF5E6-3C3A-4D00-8049-4B1FF93FB4A5}.Release|Any CPU.ActiveCfg = Release|Any CPU
		{902AF5E6-3C3A-4D00-8049-4B1FF93FB4A5}.Release|Any CPU.Build.0 = Release|Any CPU
	EndGlobalSection
	GlobalSection(SolutionProperties) = preSolution
		HideSolutionNode = FALSE
	EndGlobalSection
	GlobalSection(NestedProjects) = preSolution
		{417AD37E-A1B2-45C1-AA00-669F532DEDBB} = {BD09E90F-6B05-45E9-A5D5-EA0E525A31EC}
		{902AF5E6-3C3A-4D00-8049-4B1FF93FB4A5} = {E6243CDB-C1F9-4783-B3B9-346DF8C6A385}
	EndGlobalSection
	GlobalSection(ExtensibilityGlobals) = postSolution
		SolutionGuid = {4F0A421B-176D-4E26-BD1F-6466C90520DF}
		        SolutionGuid = {61F7FB11-1E47-470C-91E2-47F8143E1572}
	EndGlobalSection
EndGlobal
